{
  "name": "cc-launcher",
  "version": "0.2.4",
  "lockfileVersion": 3,
  "requires": true,
  "packages": {
    "": {
      "name": "cc-launcher",
      "version": "0.2.4",
      "hasInstallScript": true,
      "license": "MIT",
      "dependencies": {
        "sql.js": "^1.14.1"
      },
      "bin": {
        "cclaude": "bin/cclaude.js",
        "ccodex": "bin/ccodex.js"
      },
      "engines": {
        "node": ">=22.0.0"
      }
    },
    "node_modules/sql.js": {
      "version": "1.14.1",
      "resolved": "https://registry.npmmirror.com/sql.js/-/sql.js-1.14.1.tgz",
      "integrity": "sha512-gcj8zBWU5cFsi9WUP+4bFNXAyF1iRpA3LLyS/DP5xlrNzGmPIizUeBggKa8DbDwdqaKwUcTEnChtd2grWo/x/A==",
      "license": "MIT"
    }
  }
}
